
Microsoft Visual Studio Solution File, Format Version 11.00
# Visual Studio 2010
Project("{FAE04EC0-301F-11D3-BF4B-00C04F79EFBC}") = "Fusion.Unity.Editor", "Fusion.Unity.Editor.csproj", "{5dd3fa91-ef89-4b36-86a5-a121419e5e94}"
EndProject
Project("{FAE04EC0-301F-11D3-BF4B-00C04F79EFBC}") = "Assembly-CSharp", "Assembly-CSharp.csproj", "{bc1274a3-e10b-8aeb-fc1b-136f9737454a}"
EndProject
Project("{FAE04EC0-301F-11D3-BF4B-00C04F79EFBC}") = "Fusion.Unity", "Fusion.Unity.csproj", "{0338ecb7-5b81-7e57-4fe5-08a4611f63a9}"
EndProject
Project("{FAE04EC0-301F-11D3-BF4B-00C04F79EFBC}") = "Unity.Fusion.CodeGen", "Unity.Fusion.CodeGen.csproj", "{32058c4f-0e3f-a270-4bd3-06ab487be081}"
EndProject
Project("{FAE04EC0-301F-11D3-BF4B-00C04F79EFBC}") = "PhotonWebSocket", "PhotonWebSocket.csproj", "{96a6b327-2e36-9303-aeac-592164c206e5}"
EndProject
Global
	GlobalSection(SolutionConfigurationPlatforms) = preSolution
		Debug|Any CPU = Debug|Any CPU
	EndGlobalSection
	GlobalSection(ProjectConfigurationPlatforms) = postSolution
		{5dd3fa91-ef89-4b36-86a5-a121419e5e94}.Debug|Any CPU.ActiveCfg = Debug|Any CPU
		{5dd3fa91-ef89-4b36-86a5-a121419e5e94}.Debug|Any CPU.Build.0 = Debug|Any CPU
		{bc1274a3-e10b-8aeb-fc1b-136f9737454a}.Debug|Any CPU.ActiveCfg = Debug|Any CPU
		{bc1274a3-e10b-8aeb-fc1b-136f9737454a}.Debug|Any CPU.Build.0 = Debug|Any CPU
		{0338ecb7-5b81-7e57-4fe5-08a4611f63a9}.Debug|Any CPU.ActiveCfg = Debug|Any CPU
		{0338ecb7-5b81-7e57-4fe5-08a4611f63a9}.Debug|Any CPU.Build.0 = Debug|Any CPU
		{32058c4f-0e3f-a270-4bd3-06ab487be081}.Debug|Any CPU.ActiveCfg = Debug|Any CPU
		{32058c4f-0e3f-a270-4bd3-06ab487be081}.Debug|Any CPU.Build.0 = Debug|Any CPU
		{96a6b327-2e36-9303-aeac-592164c206e5}.Debug|Any CPU.ActiveCfg = Debug|Any CPU
		{96a6b327-2e36-9303-aeac-592164c206e5}.Debug|Any CPU.Build.0 = Debug|Any CPU
	EndGlobalSection
	GlobalSection(SolutionProperties) = preSolution
		HideSolutionNode = FALSE
	EndGlobalSection
EndGlobal
